
Microsoft Visual Studio Solution File, Format Version 12.00
# Visual Studio Version 17
VisualStudioVersion = 17.1.32319.34
MinimumVisualStudioVersion = 10.0.40219.1
Project("{9A19103F-16F7-4668-BE54-9A1E7A4F7556}") = "OCPLibrary", "OCPLibrary\OCPLibrary.csproj", "{9F221C44-479E-4E48-825B-BB5D802F274F}"
EndProject
Project("{FAE04EC0-301F-11D3-BF4B-00C04F79EFBC}") = "ConsoleApp", "ConsoleApp\ConsoleApp.csproj", "{A5FD3896-B960-4BBD-9126-460632E71930}"
EndProject
Project("{FAE04EC0-301F-11D3-BF4B-00C04F79EFBC}") = "NotOCPLibrary", "NotOCPLibrary\NotOCPLibrary.csproj", "{6DD1F9C7-F2E4-46B4-957E-75532EEC4F06}"
EndProject
Global
	GlobalSection(SolutionConfigurationPlatforms) = preSolution
		Debug|Any CPU = Debug|Any CPU
		Release|Any CPU = Release|Any CPU
	EndGlobalSection
	GlobalSection(ProjectConfigurationPlatforms) = postSolution
		{9F221C44-479E-4E48-825B-BB5D802F274F}.Debug|Any CPU.ActiveCfg = Debug|Any CPU
		{9F221C44-479E-4E48-825B-BB5D802F274F}.Debug|Any CPU.Build.0 = Debug|Any CPU
		{9F221C44-479E-4E48-825B-BB5D802F274F}.Release|Any CPU.ActiveCfg = Release|Any CPU
		{9F221C44-479E-4E48-825B-BB5D802F274F}.Release|Any CPU.Build.0 = Release|Any CPU
		{A5FD3896-B960-4BBD-9126-460632E71930}.Debug|Any CPU.ActiveCfg = Debug|Any CPU
		{A5FD3896-B960-4BBD-9126-460632E71930}.Debug|Any CPU.Build.0 = Debug|Any CPU
		{A5FD3896-B960-4BBD-9126-460632E71930}.Release|Any CPU.ActiveCfg = Release|Any CPU
		{A5FD3896-B960-4BBD-9126-460632E71930}.Release|Any CPU.Build.0 = Release|Any CPU
		{6DD1F9C7-F2E4-46B4-957E-75532EEC4F06}.Debug|Any CPU.ActiveCfg = Debug|Any CPU
		{6DD1F9C7-F2E4-46B4-957E-75532EEC4F06}.Debug|Any CPU.Build.0 = Debug|Any CPU
		{6DD1F9C7-F2E4-46B4-957E-75532EEC4F06}.Release|Any CPU.ActiveCfg = Release|Any CPU
		{6DD1F9C7-F2E4-46B4-957E-75532EEC4F06}.Release|Any CPU.Build.0 = Release|Any CPU
	EndGlobalSection
	GlobalSection(SolutionProperties) = preSolution
		HideSolutionNode = FALSE
	EndGlobalSection
	GlobalSection(ExtensibilityGlobals) = postSolution
		SolutionGuid = {851A81B2-27E1-4A93-BAB6-50C5D77CF1E1}
	EndGlobalSection
EndGlobal
